github.com/aws/aws-sdk-go v1.38.12 h1:khtODkUna3iF53Cg3dCF4e6oWgrAEbZDU4x1aq+G0WY=
github.com/aws/aws-sdk-go v1.38.12/go.mod h1:hcU610XS61/+aQV88ixoOzUoG7v3b31pl2zKMmprdro=
github.com/davecgh/go-spew v1.1.0/go.mod h1:J7Y8YcW2NihsgmVo/mv3lAwl/skON4iLHjSsI+c5H38=
github.com/gonyyi/afmt v1.0.0 h1:1RzJm7JAbNnzC14+NrF/rvqFPI4lqHjx8usdeL2uGK8=
github.com/gonyyi/afmt v1.0.0/go.mod h1:Tb6/vglQ1VXRZmNyPv9mBh0yQZ6m645SXF9ZUmIEx4s=
github.com/gonyyi/agraceful v0.1.0 h1:RXty7Kwsyrwqui79r7Hys/emd0Ev+w0oxoFH4B1OcIQ=
github.com/gonyyi/agraceful v0.1.0/go.mod h1:1wxWEFqdJqNusxse9HZfbyG4Iuntg6kDHAFLg45zmeY=
github.com/gonyyi/alog v0.7.7 h1:TYCbxArCp5junACFIQYKx75oYwpEQx2dUJO5iY52pyQ=
github.com/gonyyi/alog v0.7.7/go.mod h1:ieyug+yXYFyMtMVlHZ+R7ALMm0K4Yv4kaYcN2CuFEcI=
github.com/gonyyi/areq v0.1.0 h1:cguLyOhdeYynIM/lLrWiLRGLu90YmDCuu5s/9S/P/NU=
github.com/gonyyi/areq v0.1.0/go.mod h1:uCodXt8FU1tEeWv14hR5TOilO22UUxUrH/qpwfghe+8=
github.com/gonyyi/atype v0.0.0-20210331015131-bacc33c0d2cb h1:OvKuC+aWjxoO/5UajQFYs+zThAUWkyTN9zI7TTIAbz8=
github.com/gonyyi/atype v0.0.0-20210331015131-bacc33c0d2cb/go.mod h1:ct041QTsyp1nWbQ+81R8I5bQxhyoYmRDvbJIqUKR8v0=
github.com/gonyyi/gointf v0.0.0-20210325184721-c115720eadd2 h1:CP/DcVI8/GKh/wxu5QrcWXAAqNs5QDEAOQqYyK3hRYk=
github.com/gonyyi/gointf v0.0.0-20210325184721-c115720eadd2/go.mod h1:cHGUpbO0fqjtqiGIi8+nXN3cH+5wd9Am0E475x6P5z4=
github.com/gonyyi/gointf/log_alog v0.0.0-20210325184721-c115720eadd2 h1:U8Z03VhG7/dFazUJgzXxO58Ad6Ext2ZFpsFN7Qkl96s=
github.com/gonyyi/gointf/log_alog v0.0.0-20210325184721-c115720eadd2/go.mod h1:zNDaVpi2YeJifjByXrXb8nKtlsezWPILjS9rjDSj02o=
github.com/gonyyi/gointf/store_bbolt v0.0.0-20210325184721-c115720eadd2 h1:5EvhSccZJ5HLNf/GemwMIhq/23Z+qceyF1g0qO6eYyM=
github.com/gonyyi/gointf/store_bbolt v0.0.0-20210325184721-c115720eadd2/go.mod h1:g2TuXrhp/1Nk3kR9hbRIjWhc2QuvZwqMiDsI8kx8C7M=
github.com/gonyyi/graceful v0.1.0 h1:9d05u89o4EM6k1x9+Eh/0gVa5UWoc7OkvbypiOzkf2U=
github.com/gonyyi/graceful v0.1.0/go.mod h1:brvStqSRVZ28TKZdfBC60ydVQ1KvAchLE2s6WKU6k1w=
github.com/gonyyi/mutt v0.0.0-20210331023810-9333a661a62b h1:OLwSqxV0y6LlN2/Hki+9DJekb5STdjASSZJGj8/+PPo=
github.com/gonyyi/mutt v0.0.0-20210331023810-9333a661a62b/go.mod h1:duwaHEdi8Y8QFob45ct7EDFz2I3szFrAqDdyIj2/0tA=
github.com/jmespath/go-jmespath v0.4.0 h1:BEgLn5cpjn8UN1mAw4NjwDrS35OdebyEtFe+9YPoQUg=
github.com/jmespath/go-jmespath v0.4.0/go.mod h1:T8mJZnbsbmF+m6zOOFylbeCJqk5+pHWvzYPziyZiYoo=
github.com/jmespath/go-jmespath/internal/testify v1.5.1/go.mod h1:L3OGu8Wl2/fWfCI6z80xFu9LTZmf1ZRjMHUOPmWr69U=
github.com/pkg/errors v0.9.1/go.mod h1:bwawxfHBFNV+L2hUp1rHADufV3IMtnDRdf1r5NINEl0=
github.com/pmezard/go-difflib v1.0.0/go.mod h1:iKH77koFhYxTK1pcRnkKkqfTogsbg7gZNVY4sRDYZ/4=
github.com/stretchr/objx v0.1.0/go.mod h1:HFkY916IF+rwdDfMAkV7OtwuqBVzrE8GR6GFx+wExME=
go.etcd.io/bbolt v1.3.5 h1:XAzx9gjCb0Rxj7EoqcClPD1d5ZBxZJk0jbuoPHenBt0=
go.etcd.io/bbolt v1.3.5/go.mod h1:G5EMThwa9y8QZGBClrRx5EY+Yw9kAhnjy3bSjsnlVTQ=
golang.org/x/crypto v0.0.0-20190308221718-c2843e01d9a2/go.mod h1:djNgcEr1/C05ACkg1iLfiJU5Ep61QUkGW8qpdssI0+w=
golang.org/x/crypto v0.0.0-20200622213623-75b288015ac9/go.mod h1:LzIPMQfyMNhhGPhUkYOs5KpL4U8rLKemX1yGLhDgUto=
golang.org/x/crypto v0.0.0-20210322153248-0c34fe9e7dc2 h1:It14KIkyBFYkHkwZ7k45minvA9aorojkyjGk9KJ5B/w=
golang.org/x/crypto v0.0.0-20210322153248-0c34fe9e7dc2/go.mod h1:T9bdIzuCu7OtxOm1hfPfRQxPLYneinmdGuTeoZ9dtd4=
golang.org/x/net v0.0.0-20190404232315-eb5bcb51f2a3/go.mod h1:t9HGtf8HONx5eT2rtn7q6eTqICYqUVnKs3thJo3Qplg=
golang.org/x/net v0.0.0-20201110031124-69a78807bb2b/go.mod h1:sp8m0HH+o8qH0wwXwYZr8TS3Oi6o0r6Gce1SSxlDquU=
golang.org/x/net v0.0.0-20210226172049-e18ecbb05110/go.mod h1:m0MpNAwzfU5UDzcl9v0D8zg8gWTRqZa9RBIspLL5mdg=
golang.org/x/sys v0.0.0-20190215142949-d0b11bdaac8a/go.mod h1:STP8DvDyc/dI5b8T5hshtkjS+E42TnysNCUPdjciGhY=
golang.org/x/sys v0.0.0-20190412213103-97732733099d/go.mod h1:h1NjWce9XRLGQEsW7wpKNCjG9DtNlClVuFLEZdDNbEs=
golang.org/x/sys v0.0.0-20200202164722-d101bd2416d5/go.mod h1:h1NjWce9XRLGQEsW7wpKNCjG9DtNlClVuFLEZdDNbEs=
golang.org/x/sys v0.0.0-20200930185726-fdedc70b468f/go.mod h1:h1NjWce9XRLGQEsW7wpKNCjG9DtNlClVuFLEZdDNbEs=
golang.org/x/sys v0.0.0-20201119102817-f84b799fce68/go.mod h1:h1NjWce9XRLGQEsW7wpKNCjG9DtNlClVuFLEZdDNbEs=
golang.org/x/sys v0.0.0-20210324051608-47abb6519492 h1:Paq34FxTluEPvVyayQqMPgHm+vTOrIifmcYxFBx9TLg=
golang.org/x/sys v0.0.0-20210324051608-47abb6519492/go.mod h1:h1NjWce9XRLGQEsW7wpKNCjG9DtNlClVuFLEZdDNbEs=
golang.org/x/term v0.0.0-20201126162022-7de9c90e9dd1/go.mod h1:bj7SfCRtBDWHUb9snDiAeCFNEtKQo2Wmx5Cou7ajbmo=
golang.org/x/text v0.3.0/go.mod h1:NqM8EUOU14njkJ3fqMW+pc6Ldnwhi/IjpwHt7yyuwOQ=
golang.org/x/text v0.3.3/go.mod h1:5Zoc/QRtKVWzQhOtBMvqHzDpF6irO9z98xDceosuGiQ=
golang.org/x/tools v0.0.0-20180917221912-90fa682c2a6e/go.mod h1:n7NCudcB/nEzxVGmLbDWY5pfWTLqBcC2KZ6jyYvM4mQ=
gopkg.in/check.v1 v0.0.0-20161208181325-20d25e280405/go.mod h1:Co6ibVJAznAaIkqp8huTwlJQCZ016jof/cbN4VW5Yz0=
gopkg.in/yaml.v2 v2.2.8/go.mod h1:hI93XBmqTisBFMUTm0b8Fm+jr3Dg1NNxqwp+5A1VGuI=
